
Microsoft Visual Studio Solution File, Format Version 12.00
# Visual Studio 15
VisualStudioVersion = 15.0.28307.757
MinimumVisualStudioVersion = 10.0.40219.1
Project("{8BC9CEB8-8B4A-11D0-8D11-00A0C91BC942}") = "ForwardList", "ForwardList\ForwardList.vcxproj", "{2A0C3D5B-4285-48DD-A0AC-B0E9E4908CD9}"
EndProject
Global
	GlobalSection(SolutionConfigurationPlatforms) = preSolution
		Debug|x64 = Debug|x64
		Debug|x86 = Debug|x86
		Release|x64 = Release|x64
		Release|x86 = Release|x86
	EndGlobalSection
	GlobalSection(ProjectConfigurationPlatforms) = postSolution
		{2A0C3D5B-4285-48DD-A0AC-B0E9E4908CD9}.Debug|x64.ActiveCfg = Debug|x64
		{2A0C3D5B-4285-48DD-A0AC-B0E9E4908CD9}.Debug|x64.Build.0 = Debug|x64
		{2A0C3D5B-4285-48DD-A0AC-B0E9E4908CD9}.Debug|x86.ActiveCfg = Debug|Win32
		{2A0C3D5B-4285-48DD-A0AC-B0E9E4908CD9}.Debug|x86.Build.0 = Debug|Win32
		{2A0C3D5B-4285-48DD-A0AC-B0E9E4908CD9}.Release|x64.ActiveCfg = Release|x64
		{2A0C3D5B-4285-48DD-A0AC-B0E9E4908CD9}.Release|x64.Build.0 = Release|x64
		{2A0C3D5B-4285-48DD-A0AC-B0E9E4908CD9}.Release|x86.ActiveCfg = Release|Win32
		{2A0C3D5B-4285-48DD-A0AC-B0E9E4908CD9}.Release|x86.Build.0 = Release|Win32
	EndGlobalSection
	GlobalSection(SolutionProperties) = preSolution
		HideSolutionNode = FALSE
	EndGlobalSection
	GlobalSection(ExtensibilityGlobals) = postSolution
		SolutionGuid = {1B432EE9-F7F7-4F96-A16F-2BA02ABE9882}
	EndGlobalSection
EndGlobal
